{
  "object": {
    "pins": [
      {
        "package": "Arguments",
        "repositoryURL": "https://github.com/elegantchaos/Arguments.git",
        "state": {
          "branch": null,
          "revision": "e17c144eb00b6d9e500c34eb09de265add523de2",
          "version": "1.1.0"
        }
      },
      {
        "package": "Coverage",
        "repositoryURL": "https://github.com/elegantchaos/Coverage.git",
        "state": {
          "branch": null,
          "revision": "fa0d05817cb910923ace380a9a17fb2862d92ec9",
          "version": "1.0.6"
        }
      },
      {
        "package": "Docopt",
        "repositoryURL": "https://github.com/elegantchaos/docopt.swift.git",
        "state": {
          "branch": null,
          "revision": "fa71fca4b4e7411c70a21ef89256cd04a64c6dda",
          "version": "0.6.11"
        }
      },
      {
        "package": "Logger",
        "repositoryURL": "https://github.com/elegantchaos/Logger.git",
        "state": {
          "branch": null,
          "revision": "65d89667f72e480aba8ed37c3d874a0c5349a005",
          "version": "1.3.6"
        }
      },
      {
        "package": "Runner",
        "repositoryURL": "https://github.com/elegantchaos/Runner.git",
        "state": {
          "branch": null,
          "revision": "bc4495a7f3ad7a2d34ef90acf8a4514ca89db2e5",
          "version": "1.0.2"
        }
      }
    ]
  },
  "version": 1
}
