{
  "object": {
    "pins": [
      {
        "package": "Logger",
        "repositoryURL": "https://github.com/elegantchaos/Logger",
        "state": {
          "branch": null,
          "revision": "f087f1d2a48cddf27d66b128f45a365eb02e2e43",
          "version": "1.3.2"
        }
      }
    ]
  },
  "version": 1
}
